# @generated - this file is auto-generated by `mise lock` https://mise.en.dev/dev-tools/mise-lock.html

[[tools.actionlint]]
version = "1.7.12"
backend = "aqua:rhysd/actionlint"

[[tools."aqua:charmbracelet/freeze"]]
version = "0.2.2"
backend = "aqua:charmbracelet/freeze"

[[tools."aqua:nextest-rs/nextest/cargo-nextest"]]
version = "0.9.138"
backend = "aqua:nextest-rs/nextest/cargo-nextest"

[[tools."aqua:rustsec/rustsec/cargo-audit"]]
version = "0.22.2"
backend = "aqua:rustsec/rustsec/cargo-audit"

[[tools.ast-grep]]
version = "0.44.0"
backend = "aqua:ast-grep/ast-grep"

[[tools."cargo:cargo-outdated"]]
version = "0.19.0"
backend = "cargo:cargo-outdated"

[[tools."cargo:cargo-udeps"]]
version = "0.1.61"
backend = "cargo:cargo-udeps"

[[tools.deno]]
version = "2.8.3"
backend = "core:deno"

[[tools.elixir]]
version = "1.20.1-otp-29"
backend = "core:elixir"

[[tools.erlang]]
version = "29.0.2"
backend = "core:erlang"

[tools.erlang.options]
precompiled = "if_available"

[[tools."github:romnn/cargo-feature-combinations"]]
version = "0.0.54"
backend = "github:romnn/cargo-feature-combinations"

[tools."github:romnn/cargo-feature-combinations".options]
matching = "cargo-fc"

[[tools."github:romnn/cargo-watchdoc"]]
version = "0.3.10"
backend = "github:romnn/cargo-watchdoc"

[[tools."github:rust-cross/cargo-zigbuild"]]
version = "0.23.0"
backend = "github:rust-cross/cargo-zigbuild"

[[tools.go]]
version = "1.26.4"
backend = "core:go"

[[tools.java]]
version = "26.0.1"
backend = "core:java"

[tools.java.options]
shorthand_vendor = "openjdk"

[[tools.maven]]
version = "3.9.16"
backend = "aqua:apache/maven"

[[tools.node]]
version = "26.3.1"
backend = "core:node"

[[tools.pnpm]]
version = "11.8.0"
backend = "aqua:pnpm/pnpm"

[[tools.python]]
version = "3.14.6"
backend = "core:python"

[[tools.ruby]]
version = "4.0.5"
backend = "core:ruby"

[tools.ruby.options]
compile = "true"
ruby_build_repo = "https://github.com/rbenv/ruby-build.git"
ruby_install = "false"

[[tools.rust]]
version = "1.96.0"
backend = "core:rust"

[[tools.rust]]
version = "nightly"
backend = "core:rust"

[[tools.swift]]
version = "6.3.2"
backend = "core:swift"

[[tools.task]]
version = "3.51.1"
backend = "aqua:go-task/task"

[[tools.typos]]
version = "1.47.2"
backend = "aqua:crate-ci/typos"

[[tools.uv]]
version = "0.11.23"
backend = "aqua:astral-sh/uv"

[[tools.zig]]
version = "0.16.0"
backend = "core:zig"
